
Microsoft Visual Studio Solution File, Format Version 12.00
# Visual Studio Version 16
VisualStudioVersion = 16.0.31727.386
MinimumVisualStudioVersion = 10.0.40219.1
Project("{8BC9CEB8-8B4A-11D0-8D11-00A0C91BC942}") = "ExampleMicroservice", "ExampleMicroservice\ExampleMicroservice.vcxproj", "{C936A5F7-8DA4-42FF-B036-0E2A1A2D1F47}"
EndProject
Global
	GlobalSection(SolutionConfigurationPlatforms) = preSolution
		Debug|x64 = Debug|x64
		Release|x64 = Release|x64
	EndGlobalSection
	GlobalSection(ProjectConfigurationPlatforms) = postSolution
		{C936A5F7-8DA4-42FF-B036-0E2A1A2D1F47}.Debug|x64.ActiveCfg = Release|x64
		{C936A5F7-8DA4-42FF-B036-0E2A1A2D1F47}.Debug|x64.Build.0 = Release|x64
		{C936A5F7-8DA4-42FF-B036-0E2A1A2D1F47}.Release|x64.ActiveCfg = Release|x64
		{C936A5F7-8DA4-42FF-B036-0E2A1A2D1F47}.Release|x64.Build.0 = Release|x64
	EndGlobalSection
	GlobalSection(SolutionProperties) = preSolution
		HideSolutionNode = FALSE
	EndGlobalSection
	GlobalSection(ExtensibilityGlobals) = postSolution
		SolutionGuid = {4BFE1765-527B-4CA5-8224-1731416C3F61}
	EndGlobalSection
EndGlobal
