
Microsoft Visual Studio Solution File, Format Version 12.00
# Visual Studio Version 16
VisualStudioVersion = 16.0.31624.102
MinimumVisualStudioVersion = 10.0.40219.1
Project("{FAE04EC0-301F-11D3-BF4B-00C04F79EFBC}") = "CommandLineLogViewer", "CommandLineLogViewer\CommandLineLogViewer.csproj", "{D7AB50AA-F64F-4A86-B112-5B7CAF6A345E}"
EndProject
Project("{FAE04EC0-301F-11D3-BF4B-00C04F79EFBC}") = "ChronologicalMessageWindow", "ChronologicalMessageWindow\ChronologicalMessageWindow.csproj", "{677A2519-523C-4828-A9B5-0647AC170AFC}"
EndProject
Project("{FAE04EC0-301F-11D3-BF4B-00C04F79EFBC}") = "DataModel", "DataModel\DataModel.csproj", "{FF3F5546-7C71-49BC-9759-F4465AA79D41}"
EndProject
Global
	GlobalSection(SolutionConfigurationPlatforms) = preSolution
		Debug|Any CPU = Debug|Any CPU
		Release|Any CPU = Release|Any CPU
	EndGlobalSection
	GlobalSection(ProjectConfigurationPlatforms) = postSolution
		{D7AB50AA-F64F-4A86-B112-5B7CAF6A345E}.Debug|Any CPU.ActiveCfg = Debug|Any CPU
		{D7AB50AA-F64F-4A86-B112-5B7CAF6A345E}.Debug|Any CPU.Build.0 = Debug|Any CPU
		{D7AB50AA-F64F-4A86-B112-5B7CAF6A345E}.Release|Any CPU.ActiveCfg = Release|Any CPU
		{D7AB50AA-F64F-4A86-B112-5B7CAF6A345E}.Release|Any CPU.Build.0 = Release|Any CPU
		{677A2519-523C-4828-A9B5-0647AC170AFC}.Debug|Any CPU.ActiveCfg = Debug|Any CPU
		{677A2519-523C-4828-A9B5-0647AC170AFC}.Debug|Any CPU.Build.0 = Debug|Any CPU
		{677A2519-523C-4828-A9B5-0647AC170AFC}.Release|Any CPU.ActiveCfg = Release|Any CPU
		{677A2519-523C-4828-A9B5-0647AC170AFC}.Release|Any CPU.Build.0 = Release|Any CPU
		{FF3F5546-7C71-49BC-9759-F4465AA79D41}.Debug|Any CPU.ActiveCfg = Debug|Any CPU
		{FF3F5546-7C71-49BC-9759-F4465AA79D41}.Debug|Any CPU.Build.0 = Debug|Any CPU
		{FF3F5546-7C71-49BC-9759-F4465AA79D41}.Release|Any CPU.ActiveCfg = Release|Any CPU
		{FF3F5546-7C71-49BC-9759-F4465AA79D41}.Release|Any CPU.Build.0 = Release|Any CPU
	EndGlobalSection
	GlobalSection(SolutionProperties) = preSolution
		HideSolutionNode = FALSE
	EndGlobalSection
	GlobalSection(ExtensibilityGlobals) = postSolution
		SolutionGuid = {06498BCB-F897-4833-8DAE-8DFE0DDC2626}
	EndGlobalSection
EndGlobal
